PODS:
  - ActivityIndicatorView (1.1.1)
  - Alamofire (5.6.4)
  - Kingfisher (6.3.1)
  - ReadMoreTextView (3.0.1)
  - youtube-ios-player-helper (1.0.4)

DEPENDENCIES:
  - ActivityIndicatorView
  - Alamofire
  - Kingfisher (~> 6.2)
  - ReadMoreTextView
  - youtube-ios-player-helper

SPEC REPOS:
  trunk:
    - ActivityIndicatorView
    - Alamofire
    - Kingfisher
    - ReadMoreTextView
    - youtube-ios-player-helper

SPEC CHECKSUMS:
  ActivityIndicatorView: f14ac8e200a344fe992577807998b0c8562bd964
  Alamofire: 4e95d97098eacb88856099c4fc79b526a299e48c
  Kingfisher: 016c8b653a35add51dd34a3aba36b580041acc74
  ReadMoreTextView: 19147adf93abce6d7271e14031a00303fe28720d
  youtube-ios-player-helper: e9b97535e816db3152179d84d999bc1807ecd689

PODFILE CHECKSUM: 93fc053d6f416976a8da99da51b6fec4c510044a

COCOAPODS: 1.12.1
