// !$*UTF8*$!
{
	archiveVersion = 1;
	classes = {
	};
	objectVersion = 51;
	objects = {

/* Begin PBXBuildFile section */
		2001213E2621564200F35D43 /* Search.swift in Sources */ = {isa = PBXBuildFile; fileRef = 2001213D2621564200F35D43 /* Search.swift */; };
		200121432621566B00F35D43 /* Watchlist.swift in Sources */ = {isa = PBXBuildFile; fileRef = 200121422621566B00F35D43 /* Watchlist.swift */; };
		200121482621582800F35D43 /* Home.swift in Sources */ = {isa = PBXBuildFile; fileRef = 200121472621582800F35D43 /* Home.swift */; };
		2011E9072629738B00DE75AD /* youtubeVideo.swift in Sources */ = {isa = PBXBuildFile; fileRef = 2011E9062629738B00DE75AD /* youtubeVideo.swift */; };
		20236329262A10680009C753 /* ImageCarouselView.swift in Sources */ = {isa = PBXBuildFile; fileRef = 20236328262A10680009C753 /* ImageCarouselView.swift */; };
		2023632E262A1AB70009C753 /* ImageCarouselViewWapper.swift in Sources */ = {isa = PBXBuildFile; fileRef = 2023632D262A1AB70009C753 /* ImageCarouselViewWapper.swift */; };
		20236333262A2E860009C753 /* SearchBar.swift in Sources */ = {isa = PBXBuildFile; fileRef = 20236332262A2E860009C753 /* SearchBar.swift */; };
		20236343262A3BB00009C753 /* LaunchScreen.storyboard in Resources */ = {isa = PBXBuildFile; fileRef = 20236342262A3BB00009C753 /* LaunchScreen.storyboard */; };
		2037EA72262CDF4900365EC4 /* SearchResultList.swift in Sources */ = {isa = PBXBuildFile; fileRef = 2037EA71262CDF4900365EC4 /* SearchResultList.swift */; };
		2037EA77262CEACD00365EC4 /* DemoSearchBar.swift in Sources */ = {isa = PBXBuildFile; fileRef = 2037EA76262CEACD00365EC4 /* DemoSearchBar.swift */; };
		204213282623F3CF0046EF76 /* reviewdata.json in Resources */ = {isa = PBXBuildFile; fileRef = 204213262623F3CF0046EF76 /* reviewdata.json */; };
		204213292623F3CF0046EF76 /* castdata.json in Resources */ = {isa = PBXBuildFile; fileRef = 204213272623F3CF0046EF76 /* castdata.json */; };
		2042132E2623F8A40046EF76 /* PeopleScroll.swift in Sources */ = {isa = PBXBuildFile; fileRef = 2042132D2623F8A40046EF76 /* PeopleScroll.swift */; };
		20480EF72623B862009BDA7A /* searchdata.json in Resources */ = {isa = PBXBuildFile; fileRef = 20480EF32623B862009BDA7A /* searchdata.json */; };
		20480EF82623B862009BDA7A /* moviedetaildata.json in Resources */ = {isa = PBXBuildFile; fileRef = 20480EF42623B862009BDA7A /* moviedetaildata.json */; };
		20480EF92623B862009BDA7A /* homepagedata.json in Resources */ = {isa = PBXBuildFile; fileRef = 20480EF52623B862009BDA7A /* homepagedata.json */; };
		20480EFA2623B862009BDA7A /* currmoviedata.json in Resources */ = {isa = PBXBuildFile; fileRef = 20480EF62623B862009BDA7A /* currmoviedata.json */; };
		2059CAC22622231F003CF33B /* ResultPage.swift in Sources */ = {isa = PBXBuildFile; fileRef = 2059CAC12622231F003CF33B /* ResultPage.swift */; };
		2059CAC7262265B6003CF33B /* ReviewPage.swift in Sources */ = {isa = PBXBuildFile; fileRef = 2059CAC6262265B6003CF33B /* ReviewPage.swift */; };
		2059CACD26226CC9003CF33B /* MovieTVItem.swift in Sources */ = {isa = PBXBuildFile; fileRef = 2059CACC26226CC9003CF33B /* MovieTVItem.swift */; };
		2059CAD526226DC0003CF33B /* PeopleItem.swift in Sources */ = {isa = PBXBuildFile; fileRef = 2059CAD426226DC0003CF33B /* PeopleItem.swift */; };
		2059CADA26226EAC003CF33B /* ReviewItem.swift in Sources */ = {isa = PBXBuildFile; fileRef = 2059CAD926226EAC003CF33B /* ReviewItem.swift */; };
		2059CADF2622A265003CF33B /* SearchResultItem.swift in Sources */ = {isa = PBXBuildFile; fileRef = 2059CADE2622A265003CF33B /* SearchResultItem.swift */; };
		2059CAE42622A96D003CF33B /* MovieTVItemScroll.swift in Sources */ = {isa = PBXBuildFile; fileRef = 2059CAE32622A96D003CF33B /* MovieTVItemScroll.swift */; };
		20664A2F26215461007B3AED /* HomeScreen.swift in Sources */ = {isa = PBXBuildFile; fileRef = 20664A2E26215461007B3AED /* HomeScreen.swift */; };
		206993BA261F9CC2003E27D2 /* HW9_MovieApp.swift in Sources */ = {isa = PBXBuildFile; fileRef = 206993B9261F9CC2003E27D2 /* HW9_MovieApp.swift */; };
		206993BE261F9CC3003E27D2 /* Assets.xcassets in Resources */ = {isa = PBXBuildFile; fileRef = 206993BD261F9CC3003E27D2 /* Assets.xcassets */; };
		206993C1261F9CC3003E27D2 /* Preview Assets.xcassets in Resources */ = {isa = PBXBuildFile; fileRef = 206993C0261F9CC3003E27D2 /* Preview Assets.xcassets */; };
		207790D72623550D006F6F27 /* MovieDataLoader.swift in Sources */ = {isa = PBXBuildFile; fileRef = 207790D62623550D006F6F27 /* MovieDataLoader.swift */; };
		207790DC26235900006F6F27 /* MovieTV.swift in Sources */ = {isa = PBXBuildFile; fileRef = 207790DB26235900006F6F27 /* MovieTV.swift */; };
		20BBD83126253FBA00A59754 /* ReviewScroll.swift in Sources */ = {isa = PBXBuildFile; fileRef = 20BBD83026253FBA00A59754 /* ReviewScroll.swift */; };
		20D0E8C2262A521D000C2D41 /* ToastDemo.swift in Sources */ = {isa = PBXBuildFile; fileRef = 20D0E8C1262A521D000C2D41 /* ToastDemo.swift */; };
		20F4E30F2624EF8D0097C167 /* MovieURLTest.swift in Sources */ = {isa = PBXBuildFile; fileRef = 20F4E30E2624EF8D0097C167 /* MovieURLTest.swift */; };
		20F4E3142624FA3A0097C167 /* URLTest.swift in Sources */ = {isa = PBXBuildFile; fileRef = 20F4E3132624FA3A0097C167 /* URLTest.swift */; };
		672A61746EA65B5D1676D758 /* Pods_HW9_Movie.framework in Frameworks */ = {isa = PBXBuildFile; fileRef = DED3316CF57A0709876B834D /* Pods_HW9_Movie.framework */; };
		A0CFB07406D393070339C184 /* Pods_HW9_MovieTests.framework in Frameworks */ = {isa = PBXBuildFile; fileRef = B0EB5C06622488D643BF77F2 /* Pods_HW9_MovieTests.framework */; };
		B2ED72F819DAC62C4776202A /* Pods_HW9_Movie_HW9_MovieUITests.framework in Frameworks */ = {isa = PBXBuildFile; fileRef = E904539353101694AB21FFC3 /* Pods_HW9_Movie_HW9_MovieUITests.framework */; };
/* End PBXBuildFile section */

/* Begin PBXContainerItemProxy section */
		206993C8261F9CC3003E27D2 /* PBXContainerItemProxy */ = {
			isa = PBXContainerItemProxy;
			containerPortal = 206993AE261F9CC2003E27D2 /* Project object */;
			proxyType = 1;
			remoteGlobalIDString = 206993B5261F9CC2003E27D2;
			remoteInfo = HW9_Movie;
		};
		206993D3261F9CC3003E27D2 /* PBXContainerItemProxy */ = {
			isa = PBXContainerItemProxy;
			containerPortal = 206993AE261F9CC2003E27D2 /* Project object */;
			proxyType = 1;
			remoteGlobalIDString = 206993B5261F9CC2003E27D2;
			remoteInfo = HW9_Movie;
		};
/* End PBXContainerItemProxy section */

/* Begin PBXFileReference section */
		2001213D2621564200F35D43 /* Search.swift */ = {isa = PBXFileReference; lastKnownFileType = sourcecode.swift; path = Search.swift; sourceTree = "<group>"; };
		200121422621566B00F35D43 /* Watchlist.swift */ = {isa = PBXFileReference; lastKnownFileType = sourcecode.swift; path = Watchlist.swift; sourceTree = "<group>"; };
		200121472621582800F35D43 /* Home.swift */ = {isa = PBXFileReference; lastKnownFileType = sourcecode.swift; path = Home.swift; sourceTree = "<group>"; };
		2011E9062629738B00DE75AD /* youtubeVideo.swift */ = {isa = PBXFileReference; lastKnownFileType = sourcecode.swift; path = youtubeVideo.swift; sourceTree = "<group>"; };
		20236328262A10680009C753 /* ImageCarouselView.swift */ = {isa = PBXFileReference; lastKnownFileType = sourcecode.swift; path = ImageCarouselView.swift; sourceTree = "<group>"; };
		2023632D262A1AB70009C753 /* ImageCarouselViewWapper.swift */ = {isa = PBXFileReference; lastKnownFileType = sourcecode.swift; path = ImageCarouselViewWapper.swift; sourceTree = "<group>"; };
		20236332262A2E860009C753 /* SearchBar.swift */ = {isa = PBXFileReference; lastKnownFileType = sourcecode.swift; path = SearchBar.swift; sourceTree = "<group>"; };
		20236342262A3BB00009C753 /* LaunchScreen.storyboard */ = {isa = PBXFileReference; lastKnownFileType = file.storyboard; path = LaunchScreen.storyboard; sourceTree = "<group>"; };
		2037EA71262CDF4900365EC4 /* SearchResultList.swift */ = {isa = PBXFileReference; lastKnownFileType = sourcecode.swift; path = SearchResultList.swift; sourceTree = "<group>"; };
		2037EA76262CEACD00365EC4 /* DemoSearchBar.swift */ = {isa = PBXFileReference; lastKnownFileType = sourcecode.swift; path = DemoSearchBar.swift; sourceTree = "<group>"; };
		204213262623F3CF0046EF76 /* reviewdata.json */ = {isa = PBXFileReference; fileEncoding = 4; lastKnownFileType = text.json; path = reviewdata.json; sourceTree = "<group>"; };
		204213272623F3CF0046EF76 /* castdata.json */ = {isa = PBXFileReference; fileEncoding = 4; lastKnownFileType = text.json; path = castdata.json; sourceTree = "<group>"; };
		2042132D2623F8A40046EF76 /* PeopleScroll.swift */ = {isa = PBXFileReference; lastKnownFileType = sourcecode.swift; path = PeopleScroll.swift; sourceTree = "<group>"; };
		20480EF32623B862009BDA7A /* searchdata.json */ = {isa = PBXFileReference; fileEncoding = 4; lastKnownFileType = text.json; path = searchdata.json; sourceTree = "<group>"; };
		20480EF42623B862009BDA7A /* moviedetaildata.json */ = {isa = PBXFileReference; fileEncoding = 4; lastKnownFileType = text.json; path = moviedetaildata.json; sourceTree = "<group>"; };
		20480EF52623B862009BDA7A /* homepagedata.json */ = {isa = PBXFileReference; fileEncoding = 4; lastKnownFileType = text.json; path = homepagedata.json; sourceTree = "<group>"; };
		20480EF62623B862009BDA7A /* currmoviedata.json */ = {isa = PBXFileReference; fileEncoding = 4; lastKnownFileType = text.json; path = currmoviedata.json; sourceTree = "<group>"; };
		2059CAC12622231F003CF33B /* ResultPage.swift */ = {isa = PBXFileReference; lastKnownFileType = sourcecode.swift; path = ResultPage.swift; sourceTree = "<group>"; };
		2059CAC6262265B6003CF33B /* ReviewPage.swift */ = {isa = PBXFileReference; lastKnownFileType = sourcecode.swift; path = ReviewPage.swift; sourceTree = "<group>"; };
		2059CACC26226CC9003CF33B /* MovieTVItem.swift */ = {isa = PBXFileReference; lastKnownFileType = sourcecode.swift; path = MovieTVItem.swift; sourceTree = "<group>"; };
		2059CAD426226DC0003CF33B /* PeopleItem.swift */ = {isa = PBXFileReference; lastKnownFileType = sourcecode.swift; path = PeopleItem.swift; sourceTree = "<group>"; };
		2059CAD926226EAC003CF33B /* ReviewItem.swift */ = {isa = PBXFileReference; lastKnownFileType = sourcecode.swift; path = ReviewItem.swift; sourceTree = "<group>"; };
		2059CADE2622A265003CF33B /* SearchResultItem.swift */ = {isa = PBXFileReference; lastKnownFileType = sourcecode.swift; path = SearchResultItem.swift; sourceTree = "<group>"; };
		2059CAE32622A96D003CF33B /* MovieTVItemScroll.swift */ = {isa = PBXFileReference; lastKnownFileType = sourcecode.swift; path = MovieTVItemScroll.swift; sourceTree = "<group>"; };
		20664A2E26215461007B3AED /* HomeScreen.swift */ = {isa = PBXFileReference; lastKnownFileType = sourcecode.swift; path = HomeScreen.swift; sourceTree = "<group>"; };
		206993B6261F9CC2003E27D2 /* HW9_Movie.app */ = {isa = PBXFileReference; explicitFileType = wrapper.application; includeInIndex = 0; path = HW9_Movie.app; sourceTree = BUILT_PRODUCTS_DIR; };
		206993B9261F9CC2003E27D2 /* HW9_MovieApp.swift */ = {isa = PBXFileReference; lastKnownFileType = sourcecode.swift; path = HW9_MovieApp.swift; sourceTree = "<group>"; };
		206993BD261F9CC3003E27D2 /* Assets.xcassets */ = {isa = PBXFileReference; lastKnownFileType = folder.assetcatalog; path = Assets.xcassets; sourceTree = "<group>"; };
		206993C0261F9CC3003E27D2 /* Preview Assets.xcassets */ = {isa = PBXFileReference; lastKnownFileType = folder.assetcatalog; path = "Preview Assets.xcassets"; sourceTree = "<group>"; };
		206993C2261F9CC3003E27D2 /* Info.plist */ = {isa = PBXFileReference; lastKnownFileType = text.plist.xml; path = Info.plist; sourceTree = "<group>"; };
		206993C7261F9CC3003E27D2 /* HW9_MovieTests.xctest */ = {isa = PBXFileReference; explicitFileType = wrapper.cfbundle; includeInIndex = 0; path = HW9_MovieTests.xctest; sourceTree = BUILT_PRODUCTS_DIR; };
		206993D2261F9CC3003E27D2 /* HW9_MovieUITests.xctest */ = {isa = PBXFileReference; explicitFileType = wrapper.cfbundle; includeInIndex = 0; path = HW9_MovieUITests.xctest; sourceTree = BUILT_PRODUCTS_DIR; };
		207790D62623550D006F6F27 /* MovieDataLoader.swift */ = {isa = PBXFileReference; lastKnownFileType = sourcecode.swift; path = MovieDataLoader.swift; sourceTree = "<group>"; };
		207790DB26235900006F6F27 /* MovieTV.swift */ = {isa = PBXFileReference; lastKnownFileType = sourcecode.swift; path = MovieTV.swift; sourceTree = "<group>"; };
		20BBD83026253FBA00A59754 /* ReviewScroll.swift */ = {isa = PBXFileReference; lastKnownFileType = sourcecode.swift; path = ReviewScroll.swift; sourceTree = "<group>"; };
		20D0E8C1262A521D000C2D41 /* ToastDemo.swift */ = {isa = PBXFileReference; lastKnownFileType = sourcecode.swift; path = ToastDemo.swift; sourceTree = "<group>"; };
		20F4E30E2624EF8D0097C167 /* MovieURLTest.swift */ = {isa = PBXFileReference; lastKnownFileType = sourcecode.swift; path = MovieURLTest.swift; sourceTree = "<group>"; };
		20F4E3132624FA3A0097C167 /* URLTest.swift */ = {isa = PBXFileReference; lastKnownFileType = sourcecode.swift; path = URLTest.swift; sourceTree = "<group>"; };
		50D6D02FE7D133BDC7989F58 /* Pods-HW9_MovieTests.debug.xcconfig */ = {isa = PBXFileReference; includeInIndex = 1; lastKnownFileType = text.xcconfig; name = "Pods-HW9_MovieTests.debug.xcconfig"; path = "Target Support Files/Pods-HW9_MovieTests/Pods-HW9_MovieTests.debug.xcconfig"; sourceTree = "<group>"; };
		660FC8F6AC32CC64BC083947 /* Pods-HW9_Movie.release.xcconfig */ = {isa = PBXFileReference; includeInIndex = 1; lastKnownFileType = text.xcconfig; name = "Pods-HW9_Movie.release.xcconfig"; path = "Target Support Files/Pods-HW9_Movie/Pods-HW9_Movie.release.xcconfig"; sourceTree = "<group>"; };
		AA619F8358185CA5DB8FE341 /* Pods-HW9_MovieTests.release.xcconfig */ = {isa = PBXFileReference; includeInIndex = 1; lastKnownFileType = text.xcconfig; name = "Pods-HW9_MovieTests.release.xcconfig"; path = "Target Support Files/Pods-HW9_MovieTests/Pods-HW9_MovieTests.release.xcconfig"; sourceTree = "<group>"; };
		B0EB5C06622488D643BF77F2 /* Pods_HW9_MovieTests.framework */ = {isa = PBXFileReference; explicitFileType = wrapper.framework; includeInIndex = 0; path = Pods_HW9_MovieTests.framework; sourceTree = BUILT_PRODUCTS_DIR; };
		B501D70D7535151F164F5CE9 /* Pods-HW9_Movie.debug.xcconfig */ = {isa = PBXFileReference; includeInIndex = 1; lastKnownFileType = text.xcconfig; name = "Pods-HW9_Movie.debug.xcconfig"; path = "Target Support Files/Pods-HW9_Movie/Pods-HW9_Movie.debug.xcconfig"; sourceTree = "<group>"; };
		C73DDEDF50E35888B36B01CE /* Pods-HW9_Movie-HW9_MovieUITests.debug.xcconfig */ = {isa = PBXFileReference; includeInIndex = 1; lastKnownFileType = text.xcconfig; name = "Pods-HW9_Movie-HW9_MovieUITests.debug.xcconfig"; path = "Target Support Files/Pods-HW9_Movie-HW9_MovieUITests/Pods-HW9_Movie-HW9_MovieUITests.debug.xcconfig"; sourceTree = "<group>"; };
		DED3316CF57A0709876B834D /* Pods_HW9_Movie.framework */ = {isa = PBXFileReference; explicitFileType = wrapper.framework; includeInIndex = 0; path = Pods_HW9_Movie.framework; sourceTree = BUILT_PRODUCTS_DIR; };
		E904539353101694AB21FFC3 /* Pods_HW9_Movie_HW9_MovieUITests.framework */ = {isa = PBXFileReference; explicitFileType = wrapper.framework; includeInIndex = 0; path = Pods_HW9_Movie_HW9_MovieUITests.framework; sourceTree = BUILT_PRODUCTS_DIR; };
		F1197E24C1865B6AEE44A461 /* Pods-HW9_Movie-HW9_MovieUITests.release.xcconfig */ = {isa = PBXFileReference; includeInIndex = 1; lastKnownFileType = text.xcconfig; name = "Pods-HW9_Movie-HW9_MovieUITests.release.xcconfig"; path = "Target Support Files/Pods-HW9_Movie-HW9_MovieUITests/Pods-HW9_Movie-HW9_MovieUITests.release.xcconfig"; sourceTree = "<group>"; };
/* End PBXFileReference section */

/* Begin PBXFrameworksBuildPhase section */
		206993B3261F9CC2003E27D2 /* Frameworks */ = {
			isa = PBXFrameworksBuildPhase;
			buildActionMask = 2147483647;
			files = (
				672A61746EA65B5D1676D758 /* Pods_HW9_Movie.framework in Frameworks */,
			);
			runOnlyForDeploymentPostprocessing = 0;
		};
		206993C4261F9CC3003E27D2 /* Frameworks */ = {
			isa = PBXFrameworksBuildPhase;
			buildActionMask = 2147483647;
			files = (
				A0CFB07406D393070339C184 /* Pods_HW9_MovieTests.framework in Frameworks */,
			);
			runOnlyForDeploymentPostprocessing = 0;
		};
		206993CF261F9CC3003E27D2 /* Frameworks */ = {
			isa = PBXFrameworksBuildPhase;
			buildActionMask = 2147483647;
			files = (
				B2ED72F819DAC62C4776202A /* Pods_HW9_Movie_HW9_MovieUITests.framework in Frameworks */,
			);
			runOnlyForDeploymentPostprocessing = 0;
		};
/* End PBXFrameworksBuildPhase section */

/* Begin PBXGroup section */
		201F544F261FD5A40062AE5B /* Resources */ = {
			isa = PBXGroup;
			children = (
				204213272623F3CF0046EF76 /* castdata.json */,
				204213262623F3CF0046EF76 /* reviewdata.json */,
				20480EF62623B862009BDA7A /* currmoviedata.json */,
				20480EF52623B862009BDA7A /* homepagedata.json */,
				20480EF42623B862009BDA7A /* moviedetaildata.json */,
				20480EF32623B862009BDA7A /* searchdata.json */,
			);
			path = Resources;
			sourceTree = "<group>";
		};
		206993AD261F9CC2003E27D2 = {
			isa = PBXGroup;
			children = (
				206993B8261F9CC2003E27D2 /* HW9_Movie */,
				206993B7261F9CC2003E27D2 /* Products */,
				D9150D721FE0BF1846C208AE /* Pods */,
				CB445DE8CFD956B62E06D013 /* Frameworks */,
			);
			sourceTree = "<group>";
		};
		206993B7261F9CC2003E27D2 /* Products */ = {
			isa = PBXGroup;
			children = (
				206993B6261F9CC2003E27D2 /* HW9_Movie.app */,
				206993C7261F9CC3003E27D2 /* HW9_MovieTests.xctest */,
				206993D2261F9CC3003E27D2 /* HW9_MovieUITests.xctest */,
			);
			name = Products;
			sourceTree = "<group>";
		};
		206993B8261F9CC2003E27D2 /* HW9_Movie */ = {
			isa = PBXGroup;
			children = (
				207790D5262354D4006F6F27 /* Services */,
				201F544F261FD5A40062AE5B /* Resources */,
				206993B9261F9CC2003E27D2 /* HW9_MovieApp.swift */,
				20699403261FABCA003E27D2 /* Views */,
				206993BD261F9CC3003E27D2 /* Assets.xcassets */,
				206993C2261F9CC3003E27D2 /* Info.plist */,
				206993BF261F9CC3003E27D2 /* Preview Content */,
				20699407261FABD9003E27D2 /* Model */,
			);
			path = HW9_Movie;
			sourceTree = "<group>";
		};
		206993BF261F9CC3003E27D2 /* Preview Content */ = {
			isa = PBXGroup;
			children = (
				206993C0261F9CC3003E27D2 /* Preview Assets.xcassets */,
			);
			path = "Preview Content";
			sourceTree = "<group>";
		};
		20699403261FABCA003E27D2 /* Views */ = {
			isa = PBXGroup;
			children = (
				20BBD839262541C700A59754 /* Search */,
				20BBD83D262541D800A59754 /* URLtest */,
				200121472621582800F35D43 /* Home.swift */,
				20664A2E26215461007B3AED /* HomeScreen.swift */,
				20BBD82F26253FA400A59754 /* Review */,
				2059CAC12622231F003CF33B /* ResultPage.swift */,
				2011E9062629738B00DE75AD /* youtubeVideo.swift */,
				20BBD83526253FCF00A59754 /* People */,
				20BBD841262541F500A59754 /* MovieTVItem */,
				200121422621566B00F35D43 /* Watchlist.swift */,
				20236328262A10680009C753 /* ImageCarouselView.swift */,
				2023632D262A1AB70009C753 /* ImageCarouselViewWapper.swift */,
				20236342262A3BB00009C753 /* LaunchScreen.storyboard */,
				20D0E8C1262A521D000C2D41 /* ToastDemo.swift */,
			);
			path = Views;
			sourceTree = "<group>";
		};
		20699407261FABD9003E27D2 /* Model */ = {
			isa = PBXGroup;
			children = (
				207790DB26235900006F6F27 /* MovieTV.swift */,
			);
			path = Model;
			sourceTree = "<group>";
		};
		207790D5262354D4006F6F27 /* Services */ = {
			isa = PBXGroup;
			children = (
				207790D62623550D006F6F27 /* MovieDataLoader.swift */,
			);
			path = Services;
			sourceTree = "<group>";
		};
		20BBD82F26253FA400A59754 /* Review */ = {
			isa = PBXGroup;
			children = (
				2059CAC6262265B6003CF33B /* ReviewPage.swift */,
				2059CAD926226EAC003CF33B /* ReviewItem.swift */,
				20BBD83026253FBA00A59754 /* ReviewScroll.swift */,
			);
			path = Review;
			sourceTree = "<group>";
		};
		20BBD83526253FCF00A59754 /* People */ = {
			isa = PBXGroup;
			children = (
				2059CAD426226DC0003CF33B /* PeopleItem.swift */,
				2042132D2623F8A40046EF76 /* PeopleScroll.swift */,
			);
			path = People;
			sourceTree = "<group>";
		};
		20BBD839262541C700A59754 /* Search */ = {
			isa = PBXGroup;
			children = (
				2059CADE2622A265003CF33B /* SearchResultItem.swift */,
				2037EA71262CDF4900365EC4 /* SearchResultList.swift */,
				2001213D2621564200F35D43 /* Search.swift */,
				20236332262A2E860009C753 /* SearchBar.swift */,
				2037EA76262CEACD00365EC4 /* DemoSearchBar.swift */,
			);
			path = Search;
			sourceTree = "<group>";
		};
		20BBD83D262541D800A59754 /* URLtest */ = {
			isa = PBXGroup;
			children = (
				20F4E3132624FA3A0097C167 /* URLTest.swift */,
				20F4E30E2624EF8D0097C167 /* MovieURLTest.swift */,
			);
			path = URLtest;
			sourceTree = "<group>";
		};
		20BBD841262541F500A59754 /* MovieTVItem */ = {
			isa = PBXGroup;
			children = (
				2059CAE32622A96D003CF33B /* MovieTVItemScroll.swift */,
				2059CACC26226CC9003CF33B /* MovieTVItem.swift */,
			);
			path = MovieTVItem;
			sourceTree = "<group>";
		};
		CB445DE8CFD956B62E06D013 /* Frameworks */ = {
			isa = PBXGroup;
			children = (
				DED3316CF57A0709876B834D /* Pods_HW9_Movie.framework */,
				E904539353101694AB21FFC3 /* Pods_HW9_Movie_HW9_MovieUITests.framework */,
				B0EB5C06622488D643BF77F2 /* Pods_HW9_MovieTests.framework */,
			);
			name = Frameworks;
			sourceTree = "<group>";
		};
		D9150D721FE0BF1846C208AE /* Pods */ = {
			isa = PBXGroup;
			children = (
				B501D70D7535151F164F5CE9 /* Pods-HW9_Movie.debug.xcconfig */,
				660FC8F6AC32CC64BC083947 /* Pods-HW9_Movie.release.xcconfig */,
				C73DDEDF50E35888B36B01CE /* Pods-HW9_Movie-HW9_MovieUITests.debug.xcconfig */,
				F1197E24C1865B6AEE44A461 /* Pods-HW9_Movie-HW9_MovieUITests.release.xcconfig */,
				50D6D02FE7D133BDC7989F58 /* Pods-HW9_MovieTests.debug.xcconfig */,
				AA619F8358185CA5DB8FE341 /* Pods-HW9_MovieTests.release.xcconfig */,
			);
			path = Pods;
			sourceTree = "<group>";
		};
/* End PBXGroup section */

/* Begin PBXNativeTarget section */
		206993B5261F9CC2003E27D2 /* HW9_Movie */ = {
			isa = PBXNativeTarget;
			buildConfigurationList = 206993DB261F9CC3003E27D2 /* Build configuration list for PBXNativeTarget "HW9_Movie" */;
			buildPhases = (
				80D882FDE205270132692085 /* [CP] Check Pods Manifest.lock */,
				206993B2261F9CC2003E27D2 /* Sources */,
				206993B3261F9CC2003E27D2 /* Frameworks */,
				206993B4261F9CC2003E27D2 /* Resources */,
				804D95E7AEC47F2118BC4E86 /* [CP] Embed Pods Frameworks */,
			);
			buildRules = (
			);
			dependencies = (
			);
			name = HW9_Movie;
			productName = HW9_Movie;
			productReference = 206993B6261F9CC2003E27D2 /* HW9_Movie.app */;
			productType = "com.apple.product-type.application";
		};
		206993C6261F9CC3003E27D2 /* HW9_MovieTests */ = {
			isa = PBXNativeTarget;
			buildConfigurationList = 206993DE261F9CC3003E27D2 /* Build configuration list for PBXNativeTarget "HW9_MovieTests" */;
			buildPhases = (
				4D1BE3B8423AAB568574441D /* [CP] Check Pods Manifest.lock */,
				206993C3261F9CC3003E27D2 /* Sources */,
				206993C4261F9CC3003E27D2 /* Frameworks */,
				206993C5261F9CC3003E27D2 /* Resources */,
			);
			buildRules = (
			);
			dependencies = (
				206993C9261F9CC3003E27D2 /* PBXTargetDependency */,
			);
			name = HW9_MovieTests;
			productName = HW9_MovieTests;
			productReference = 206993C7261F9CC3003E27D2 /* HW9_MovieTests.xctest */;
			productType = "com.apple.product-type.bundle.unit-test";
		};
		206993D1261F9CC3003E27D2 /* HW9_MovieUITests */ = {
			isa = PBXNativeTarget;
			buildConfigurationList = 206993E1261F9CC3003E27D2 /* Build configuration list for PBXNativeTarget "HW9_MovieUITests" */;
			buildPhases = (
				E4CBB4B1191FFFEE06A3299B /* [CP] Check Pods Manifest.lock */,
				206993CE261F9CC3003E27D2 /* Sources */,
				206993CF261F9CC3003E27D2 /* Frameworks */,
				206993D0261F9CC3003E27D2 /* Resources */,
				74FB36E7D1B599A3D25E0714 /* [CP] Embed Pods Frameworks */,
			);
			buildRules = (
			);
			dependencies = (
				206993D4261F9CC3003E27D2 /* PBXTargetDependency */,
			);
			name = HW9_MovieUITests;
			productName = HW9_MovieUITests;
			productReference = 206993D2261F9CC3003E27D2 /* HW9_MovieUITests.xctest */;
			productType = "com.apple.product-type.bundle.ui-testing";
		};
/* End PBXNativeTarget section */

/* Begin PBXProject section */
		206993AE261F9CC2003E27D2 /* Project object */ = {
			isa = PBXProject;
			attributes = {
				LastSwiftUpdateCheck = 1230;
				LastUpgradeCheck = 1230;
				TargetAttributes = {
					206993B5261F9CC2003E27D2 = {
						CreatedOnToolsVersion = 12.3;
					};
					206993C6261F9CC3003E27D2 = {
						CreatedOnToolsVersion = 12.3;
						TestTargetID = 206993B5261F9CC2003E27D2;
					};
					206993D1261F9CC3003E27D2 = {
						CreatedOnToolsVersion = 12.3;
						TestTargetID = 206993B5261F9CC2003E27D2;
					};
				};
			};
			buildConfigurationList = 206993B1261F9CC2003E27D2 /* Build configuration list for PBXProject "HW9_Movie" */;
			compatibilityVersion = "Xcode 9.3";
			developmentRegion = en;
			hasScannedForEncodings = 0;
			knownRegions = (
				en,
				Base,
			);
			mainGroup = 206993AD261F9CC2003E27D2;
			productRefGroup = 206993B7261F9CC2003E27D2 /* Products */;
			projectDirPath = "";
			projectRoot = "";
			targets = (
				206993B5261F9CC2003E27D2 /* HW9_Movie */,
				206993C6261F9CC3003E27D2 /* HW9_MovieTests */,
				206993D1261F9CC3003E27D2 /* HW9_MovieUITests */,
			);
		};
/* End PBXProject section */

/* Begin PBXResourcesBuildPhase section */
		206993B4261F9CC2003E27D2 /* Resources */ = {
			isa = PBXResourcesBuildPhase;
			buildActionMask = 2147483647;
			files = (
				206993C1261F9CC3003E27D2 /* Preview Assets.xcassets in Resources */,
				20480EFA2623B862009BDA7A /* currmoviedata.json in Resources */,
				204213292623F3CF0046EF76 /* castdata.json in Resources */,
				20236343262A3BB00009C753 /* LaunchScreen.storyboard in Resources */,
				206993BE261F9CC3003E27D2 /* Assets.xcassets in Resources */,
				204213282623F3CF0046EF76 /* reviewdata.json in Resources */,
				20480EF72623B862009BDA7A /* searchdata.json in Resources */,
				20480EF82623B862009BDA7A /* moviedetaildata.json in Resources */,
				20480EF92623B862009BDA7A /* homepagedata.json in Resources */,
			);
			runOnlyForDeploymentPostprocessing = 0;
		};
		206993C5261F9CC3003E27D2 /* Resources */ = {
			isa = PBXResourcesBuildPhase;
			buildActionMask = 2147483647;
			files = (
			);
			runOnlyForDeploymentPostprocessing = 0;
		};
		206993D0261F9CC3003E27D2 /* Resources */ = {
			isa = PBXResourcesBuildPhase;
			buildActionMask = 2147483647;
			files = (
			);
			runOnlyForDeploymentPostprocessing = 0;
		};
/* End PBXResourcesBuildPhase section */

/* Begin PBXShellScriptBuildPhase section */
		4D1BE3B8423AAB568574441D /* [CP] Check Pods Manifest.lock */ = {
			isa = PBXShellScriptBuildPhase;
			buildActionMask = 2147483647;
			files = (
			);
			inputFileListPaths = (
			);
			inputPaths = (
				"${PODS_PODFILE_DIR_PATH}/Podfile.lock",
				"${PODS_ROOT}/Manifest.lock",
			);
			name = "[CP] Check Pods Manifest.lock";
			outputFileListPaths = (
			);
			outputPaths = (
				"$(DERIVED_FILE_DIR)/Pods-HW9_MovieTests-checkManifestLockResult.txt",
			);
			runOnlyForDeploymentPostprocessing = 0;
			shellPath = /bin/sh;
			shellScript = "diff \"${PODS_PODFILE_DIR_PATH}/Podfile.lock\" \"${PODS_ROOT}/Manifest.lock\" > /dev/null\nif [ $? != 0 ] ; then\n    # print error to STDERR\n    echo \"error: The sandbox is not in sync with the Podfile.lock. Run 'pod install' or update your CocoaPods installation.\" >&2\n    exit 1\nfi\n# This output is used by Xcode 'outputs' to avoid re-running this script phase.\necho \"SUCCESS\" > \"${SCRIPT_OUTPUT_FILE_0}\"\n";
			showEnvVarsInLog = 0;
		};
		74FB36E7D1B599A3D25E0714 /* [CP] Embed Pods Frameworks */ = {
			isa = PBXShellScriptBuildPhase;
			buildActionMask = 2147483647;
			files = (
			);
			inputFileListPaths = (
				"${PODS_ROOT}/Target Support Files/Pods-HW9_Movie-HW9_MovieUITests/Pods-HW9_Movie-HW9_MovieUITests-frameworks-${CONFIGURATION}-input-files.xcfilelist",
			);
			name = "[CP] Embed Pods Frameworks";
			outputFileListPaths = (
				"${PODS_ROOT}/Target Support Files/Pods-HW9_Movie-HW9_MovieUITests/Pods-HW9_Movie-HW9_MovieUITests-frameworks-${CONFIGURATION}-output-files.xcfilelist",
			);
			runOnlyForDeploymentPostprocessing = 0;
			shellPath = /bin/sh;
			shellScript = "\"${PODS_ROOT}/Target Support Files/Pods-HW9_Movie-HW9_MovieUITests/Pods-HW9_Movie-HW9_MovieUITests-frameworks.sh\"\n";
			showEnvVarsInLog = 0;
		};
		804D95E7AEC47F2118BC4E86 /* [CP] Embed Pods Frameworks */ = {
			isa = PBXShellScriptBuildPhase;
			buildActionMask = 2147483647;
			files = (
			);
			inputFileListPaths = (
				"${PODS_ROOT}/Target Support Files/Pods-HW9_Movie/Pods-HW9_Movie-frameworks-${CONFIGURATION}-input-files.xcfilelist",
			);
			name = "[CP] Embed Pods Frameworks";
			outputFileListPaths = (
				"${PODS_ROOT}/Target Support Files/Pods-HW9_Movie/Pods-HW9_Movie-frameworks-${CONFIGURATION}-output-files.xcfilelist",
			);
			runOnlyForDeploymentPostprocessing = 0;
			shellPath = /bin/sh;
			shellScript = "\"${PODS_ROOT}/Target Support Files/Pods-HW9_Movie/Pods-HW9_Movie-frameworks.sh\"\n";
			showEnvVarsInLog = 0;
		};
		80D882FDE205270132692085 /* [CP] Check Pods Manifest.lock */ = {
			isa = PBXShellScriptBuildPhase;
			buildActionMask = 2147483647;
			files = (
			);
			inputFileListPaths = (
			);
			inputPaths = (
				"${PODS_PODFILE_DIR_PATH}/Podfile.lock",
				"${PODS_ROOT}/Manifest.lock",
			);
			name = "[CP] Check Pods Manifest.lock";
			outputFileListPaths = (
			);
			outputPaths = (
				"$(DERIVED_FILE_DIR)/Pods-HW9_Movie-checkManifestLockResult.txt",
			);
			runOnlyForDeploymentPostprocessing = 0;
			shellPath = /bin/sh;
			shellScript = "diff \"${PODS_PODFILE_DIR_PATH}/Podfile.lock\" \"${PODS_ROOT}/Manifest.lock\" > /dev/null\nif [ $? != 0 ] ; then\n    # print error to STDERR\n    echo \"error: The sandbox is not in sync with the Podfile.lock. Run 'pod install' or update your CocoaPods installation.\" >&2\n    exit 1\nfi\n# This output is used by Xcode 'outputs' to avoid re-running this script phase.\necho \"SUCCESS\" > \"${SCRIPT_OUTPUT_FILE_0}\"\n";
			showEnvVarsInLog = 0;
		};
		E4CBB4B1191FFFEE06A3299B /* [CP] Check Pods Manifest.lock */ = {
			isa = PBXShellScriptBuildPhase;
			buildActionMask = 2147483647;
			files = (
			);
			inputFileListPaths = (
			);
			inputPaths = (
				"${PODS_PODFILE_DIR_PATH}/Podfile.lock",
				"${PODS_ROOT}/Manifest.lock",
			);
			name = "[CP] Check Pods Manifest.lock";
			outputFileListPaths = (
			);
			outputPaths = (
				"$(DERIVED_FILE_DIR)/Pods-HW9_Movie-HW9_MovieUITests-checkManifestLockResult.txt",
			);
			runOnlyForDeploymentPostprocessing = 0;
			shellPath = /bin/sh;
			shellScript = "diff \"${PODS_PODFILE_DIR_PATH}/Podfile.lock\" \"${PODS_ROOT}/Manifest.lock\" > /dev/null\nif [ $? != 0 ] ; then\n    # print error to STDERR\n    echo \"error: The sandbox is not in sync with the Podfile.lock. Run 'pod install' or update your CocoaPods installation.\" >&2\n    exit 1\nfi\n# This output is used by Xcode 'outputs' to avoid re-running this script phase.\necho \"SUCCESS\" > \"${SCRIPT_OUTPUT_FILE_0}\"\n";
			showEnvVarsInLog = 0;
		};
/* End PBXShellScriptBuildPhase section */

/* Begin PBXSourcesBuildPhase section */
		206993B2261F9CC2003E27D2 /* Sources */ = {
			isa = PBXSourcesBuildPhase;
			buildActionMask = 2147483647;
			files = (
				2059CAC7262265B6003CF33B /* ReviewPage.swift in Sources */,
				2001213E2621564200F35D43 /* Search.swift in Sources */,
				20D0E8C2262A521D000C2D41 /* ToastDemo.swift in Sources */,
				20BBD83126253FBA00A59754 /* ReviewScroll.swift in Sources */,
				2042132E2623F8A40046EF76 /* PeopleScroll.swift in Sources */,
				2059CAE42622A96D003CF33B /* MovieTVItemScroll.swift in Sources */,
				207790D72623550D006F6F27 /* MovieDataLoader.swift in Sources */,
				20F4E3142624FA3A0097C167 /* URLTest.swift in Sources */,
				2059CAC22622231F003CF33B /* ResultPage.swift in Sources */,
				2059CADF2622A265003CF33B /* SearchResultItem.swift in Sources */,
				2037EA72262CDF4900365EC4 /* SearchResultList.swift in Sources */,
				20236333262A2E860009C753 /* SearchBar.swift in Sources */,
				20F4E30F2624EF8D0097C167 /* MovieURLTest.swift in Sources */,
				2037EA77262CEACD00365EC4 /* DemoSearchBar.swift in Sources */,
				2059CACD26226CC9003CF33B /* MovieTVItem.swift in Sources */,
				2011E9072629738B00DE75AD /* youtubeVideo.swift in Sources */,
				200121432621566B00F35D43 /* Watchlist.swift in Sources */,
				2059CAD526226DC0003CF33B /* PeopleItem.swift in Sources */,
				200121482621582800F35D43 /* Home.swift in Sources */,
				207790DC26235900006F6F27 /* MovieTV.swift in Sources */,
				2059CADA26226EAC003CF33B /* ReviewItem.swift in Sources */,
				20664A2F26215461007B3AED /* HomeScreen.swift in Sources */,
				2023632E262A1AB70009C753 /* ImageCarouselViewWapper.swift in Sources */,
				20236329262A10680009C753 /* ImageCarouselView.swift in Sources */,
				206993BA261F9CC2003E27D2 /* HW9_MovieApp.swift in Sources */,
			);
			runOnlyForDeploymentPostprocessing = 0;
		};
		206993C3261F9CC3003E27D2 /* Sources */ = {
			isa = PBXSourcesBuildPhase;
			buildActionMask = 2147483647;
			files = (
			);
			runOnlyForDeploymentPostprocessing = 0;
		};
		206993CE261F9CC3003E27D2 /* Sources */ = {
			isa = PBXSourcesBuildPhase;
			buildActionMask = 2147483647;
			files = (
			);
			runOnlyForDeploymentPostprocessing = 0;
		};
/* End PBXSourcesBuildPhase section */

/* Begin PBXTargetDependency section */
		206993C9261F9CC3003E27D2 /* PBXTargetDependency */ = {
			isa = PBXTargetDependency;
			target = 206993B5261F9CC2003E27D2 /* HW9_Movie */;
			targetProxy = 206993C8261F9CC3003E27D2 /* PBXContainerItemProxy */;
		};
		206993D4261F9CC3003E27D2 /* PBXTargetDependency */ = {
			isa = PBXTargetDependency;
			target = 206993B5261F9CC2003E27D2 /* HW9_Movie */;
			targetProxy = 206993D3261F9CC3003E27D2 /* PBXContainerItemProxy */;
		};
/* End PBXTargetDependency section */

/* Begin XCBuildConfiguration section */
		206993D9261F9CC3003E27D2 /* Debug */ = {
			isa = XCBuildConfiguration;
			buildSettings = {
				ALWAYS_SEARCH_USER_PATHS = NO;
				CLANG_ANALYZER_NONNULL = YES;
				CLANG_ANALYZER_NUMBER_OBJECT_CONVERSION = YES_AGGRESSIVE;
				CLANG_CXX_LANGUAGE_STANDARD = "gnu++14";
				CLANG_CXX_LIBRARY = "libc++";
				CLANG_ENABLE_MODULES = YES;
				CLANG_ENABLE_OBJC_ARC = YES;
				CLANG_ENABLE_OBJC_WEAK = YES;
				CLANG_WARN_BLOCK_CAPTURE_AUTORELEASING = YES;
				CLANG_WARN_BOOL_CONVERSION = YES;
				CLANG_WARN_COMMA = YES;
				CLANG_WARN_CONSTANT_CONVERSION = YES;
				CLANG_WARN_DEPRECATED_OBJC_IMPLEMENTATIONS = YES;
				CLANG_WARN_DIRECT_OBJC_ISA_USAGE = YES_ERROR;
				CLANG_WARN_DOCUMENTATION_COMMENTS = YES;
				CLANG_WARN_EMPTY_BODY = YES;
				CLANG_WARN_ENUM_CONVERSION = YES;
				CLANG_WARN_INFINITE_RECURSION = YES;
				CLANG_WARN_INT_CONVERSION = YES;
				CLANG_WARN_NON_LITERAL_NULL_CONVERSION = YES;
				CLANG_WARN_OBJC_IMPLICIT_RETAIN_SELF = YES;
				CLANG_WARN_OBJC_LITERAL_CONVERSION = YES;
				CLANG_WARN_OBJC_ROOT_CLASS = YES_ERROR;
				CLANG_WARN_QUOTED_INCLUDE_IN_FRAMEWORK_HEADER = YES;
				CLANG_WARN_RANGE_LOOP_ANALYSIS = YES;
				CLANG_WARN_STRICT_PROTOTYPES = YES;
				CLANG_WARN_SUSPICIOUS_MOVE = YES;
				CLANG_WARN_UNGUARDED_AVAILABILITY = YES_AGGRESSIVE;
				CLANG_WARN_UNREACHABLE_CODE = YES;
				CLANG_WARN__DUPLICATE_METHOD_MATCH = YES;
				COPY_PHASE_STRIP = NO;
				DEBUG_INFORMATION_FORMAT = dwarf;
				ENABLE_STRICT_OBJC_MSGSEND = YES;
				ENABLE_TESTABILITY = YES;
				GCC_C_LANGUAGE_STANDARD = gnu11;
				GCC_DYNAMIC_NO_PIC = NO;
				GCC_NO_COMMON_BLOCKS = YES;
				GCC_OPTIMIZATION_LEVEL = 0;
				GCC_PREPROCESSOR_DEFINITIONS = (
					"DEBUG=1",
					"$(inherited)",
				);
				GCC_WARN_64_TO_32_BIT_CONVERSION = YES;
				GCC_WARN_ABOUT_RETURN_TYPE = YES_ERROR;
				GCC_WARN_UNDECLARED_SELECTOR = YES;
				GCC_WARN_UNINITIALIZED_AUTOS = YES_AGGRESSIVE;
				GCC_WARN_UNUSED_FUNCTION = YES;
				GCC_WARN_UNUSED_VARIABLE = YES;
				IPHONEOS_DEPLOYMENT_TARGET = 14.3;
				MTL_ENABLE_DEBUG_INFO = INCLUDE_SOURCE;
				MTL_FAST_MATH = YES;
				ONLY_ACTIVE_ARCH = YES;
				SDKROOT = iphoneos;
				SWIFT_ACTIVE_COMPILATION_CONDITIONS = DEBUG;
				SWIFT_OPTIMIZATION_LEVEL = "-Onone";
			};
			name = Debug;
		};
		206993DA261F9CC3003E27D2 /* Release */ = {
			isa = XCBuildConfiguration;
			buildSettings = {
				ALWAYS_SEARCH_USER_PATHS = NO;
				CLANG_ANALYZER_NONNULL = YES;
				CLANG_ANALYZER_NUMBER_OBJECT_CONVERSION = YES_AGGRESSIVE;
				CLANG_CXX_LANGUAGE_STANDARD = "gnu++14";
				CLANG_CXX_LIBRARY = "libc++";
				CLANG_ENABLE_MODULES = YES;
				CLANG_ENABLE_OBJC_ARC = YES;
				CLANG_ENABLE_OBJC_WEAK = YES;
				CLANG_WARN_BLOCK_CAPTURE_AUTORELEASING = YES;
				CLANG_WARN_BOOL_CONVERSION = YES;
				CLANG_WARN_COMMA = YES;
				CLANG_WARN_CONSTANT_CONVERSION = YES;
				CLANG_WARN_DEPRECATED_OBJC_IMPLEMENTATIONS = YES;
				CLANG_WARN_DIRECT_OBJC_ISA_USAGE = YES_ERROR;
				CLANG_WARN_DOCUMENTATION_COMMENTS = YES;
				CLANG_WARN_EMPTY_BODY = YES;
				CLANG_WARN_ENUM_CONVERSION = YES;
				CLANG_WARN_INFINITE_RECURSION = YES;
				CLANG_WARN_INT_CONVERSION = YES;
				CLANG_WARN_NON_LITERAL_NULL_CONVERSION = YES;
				CLANG_WARN_OBJC_IMPLICIT_RETAIN_SELF = YES;
				CLANG_WARN_OBJC_LITERAL_CONVERSION = YES;
				CLANG_WARN_OBJC_ROOT_CLASS = YES_ERROR;
				CLANG_WARN_QUOTED_INCLUDE_IN_FRAMEWORK_HEADER = YES;
				CLANG_WARN_RANGE_LOOP_ANALYSIS = YES;
				CLANG_WARN_STRICT_PROTOTYPES = YES;
				CLANG_WARN_SUSPICIOUS_MOVE = YES;
				CLANG_WARN_UNGUARDED_AVAILABILITY = YES_AGGRESSIVE;
				CLANG_WARN_UNREACHABLE_CODE = YES;
				CLANG_WARN__DUPLICATE_METHOD_MATCH = YES;
				COPY_PHASE_STRIP = NO;
				DEBUG_INFORMATION_FORMAT = "dwarf-with-dsym";
				ENABLE_NS_ASSERTIONS = NO;
				ENABLE_STRICT_OBJC_MSGSEND = YES;
				GCC_C_LANGUAGE_STANDARD = gnu11;
				GCC_NO_COMMON_BLOCKS = YES;
				GCC_WARN_64_TO_32_BIT_CONVERSION = YES;
				GCC_WARN_ABOUT_RETURN_TYPE = YES_ERROR;
				GCC_WARN_UNDECLARED_SELECTOR = YES;
				GCC_WARN_UNINITIALIZED_AUTOS = YES_AGGRESSIVE;
				GCC_WARN_UNUSED_FUNCTION = YES;
				GCC_WARN_UNUSED_VARIABLE = YES;
				IPHONEOS_DEPLOYMENT_TARGET = 14.3;
				MTL_ENABLE_DEBUG_INFO = NO;
				MTL_FAST_MATH = YES;
				SDKROOT = iphoneos;
				SWIFT_COMPILATION_MODE = wholemodule;
				SWIFT_OPTIMIZATION_LEVEL = "-O";
				VALIDATE_PRODUCT = YES;
			};
			name = Release;
		};
		206993DC261F9CC3003E27D2 /* Debug */ = {
			isa = XCBuildConfiguration;
			baseConfigurationReference = B501D70D7535151F164F5CE9 /* Pods-HW9_Movie.debug.xcconfig */;
			buildSettings = {
				ASSETCATALOG_COMPILER_APPICON_NAME = AppIcon;
				ASSETCATALOG_COMPILER_GLOBAL_ACCENT_COLOR_NAME = AccentColor;
				CODE_SIGN_STYLE = Automatic;
				DEVELOPMENT_ASSET_PATHS = "\"HW9_Movie/Preview Content\"";
				ENABLE_PREVIEWS = YES;
				INFOPLIST_FILE = HW9_Movie/Info.plist;
				IPHONEOS_DEPLOYMENT_TARGET = 14.0;
				LD_RUNPATH_SEARCH_PATHS = (
					"$(inherited)",
					"@executable_path/Frameworks",
				);
				PRODUCT_BUNDLE_IDENTIFIER = "pyl.HW9-Movie";
				PRODUCT_NAME = "$(TARGET_NAME)";
				SWIFT_VERSION = 5.0;
				TARGETED_DEVICE_FAMILY = "1,2";
			};
			name = Debug;
		};
		206993DD261F9CC3003E27D2 /* Release */ = {
			isa = XCBuildConfiguration;
			baseConfigurationReference = 660FC8F6AC32CC64BC083947 /* Pods-HW9_Movie.release.xcconfig */;
			buildSettings = {
				ASSETCATALOG_COMPILER_APPICON_NAME = AppIcon;
				ASSETCATALOG_COMPILER_GLOBAL_ACCENT_COLOR_NAME = AccentColor;
				CODE_SIGN_STYLE = Automatic;
				DEVELOPMENT_ASSET_PATHS = "\"HW9_Movie/Preview Content\"";
				ENABLE_PREVIEWS = YES;
				INFOPLIST_FILE = HW9_Movie/Info.plist;
				IPHONEOS_DEPLOYMENT_TARGET = 14.0;
				LD_RUNPATH_SEARCH_PATHS = (
					"$(inherited)",
					"@executable_path/Frameworks",
				);
				PRODUCT_BUNDLE_IDENTIFIER = "pyl.HW9-Movie";
				PRODUCT_NAME = "$(TARGET_NAME)";
				SWIFT_VERSION = 5.0;
				TARGETED_DEVICE_FAMILY = "1,2";
			};
			name = Release;
		};
		206993DF261F9CC3003E27D2 /* Debug */ = {
			isa = XCBuildConfiguration;
			baseConfigurationReference = 50D6D02FE7D133BDC7989F58 /* Pods-HW9_MovieTests.debug.xcconfig */;
			buildSettings = {
				ALWAYS_EMBED_SWIFT_STANDARD_LIBRARIES = YES;
				BUNDLE_LOADER = "$(TEST_HOST)";
				CODE_SIGN_STYLE = Automatic;
				INFOPLIST_FILE = HW9_MovieTests/Info.plist;
				IPHONEOS_DEPLOYMENT_TARGET = 14.0;
				LD_RUNPATH_SEARCH_PATHS = (
					"$(inherited)",
					"@executable_path/Frameworks",
					"@loader_path/Frameworks",
				);
				PRODUCT_BUNDLE_IDENTIFIER = "pyl.HW9-MovieTests";
				PRODUCT_NAME = "$(TARGET_NAME)";
				SWIFT_VERSION = 5.0;
				TARGETED_DEVICE_FAMILY = "1,2";
				TEST_HOST = "$(BUILT_PRODUCTS_DIR)/HW9_Movie.app/HW9_Movie";
			};
			name = Debug;
		};
		206993E0261F9CC3003E27D2 /* Release */ = {
			isa = XCBuildConfiguration;
			baseConfigurationReference = AA619F8358185CA5DB8FE341 /* Pods-HW9_MovieTests.release.xcconfig */;
			buildSettings = {
				ALWAYS_EMBED_SWIFT_STANDARD_LIBRARIES = YES;
				BUNDLE_LOADER = "$(TEST_HOST)";
				CODE_SIGN_STYLE = Automatic;
				INFOPLIST_FILE = HW9_MovieTests/Info.plist;
				IPHONEOS_DEPLOYMENT_TARGET = 14.0;
				LD_RUNPATH_SEARCH_PATHS = (
					"$(inherited)",
					"@executable_path/Frameworks",
					"@loader_path/Frameworks",
				);
				PRODUCT_BUNDLE_IDENTIFIER = "pyl.HW9-MovieTests";
				PRODUCT_NAME = "$(TARGET_NAME)";
				SWIFT_VERSION = 5.0;
				TARGETED_DEVICE_FAMILY = "1,2";
				TEST_HOST = "$(BUILT_PRODUCTS_DIR)/HW9_Movie.app/HW9_Movie";
			};
			name = Release;
		};
		206993E2261F9CC3003E27D2 /* Debug */ = {
			isa = XCBuildConfiguration;
			baseConfigurationReference = C73DDEDF50E35888B36B01CE /* Pods-HW9_Movie-HW9_MovieUITests.debug.xcconfig */;
			buildSettings = {
				ALWAYS_EMBED_SWIFT_STANDARD_LIBRARIES = YES;
				CODE_SIGN_STYLE = Automatic;
				INFOPLIST_FILE = HW9_MovieUITests/Info.plist;
				LD_RUNPATH_SEARCH_PATHS = (
					"$(inherited)",
					"@executable_path/Frameworks",
					"@loader_path/Frameworks",
				);
				PRODUCT_BUNDLE_IDENTIFIER = "pyl.HW9-MovieUITests";
				PRODUCT_NAME = "$(TARGET_NAME)";
				SWIFT_VERSION = 5.0;
				TARGETED_DEVICE_FAMILY = "1,2";
				TEST_TARGET_NAME = HW9_Movie;
			};
			name = Debug;
		};
		206993E3261F9CC3003E27D2 /* Release */ = {
			isa = XCBuildConfiguration;
			baseConfigurationReference = F1197E24C1865B6AEE44A461 /* Pods-HW9_Movie-HW9_MovieUITests.release.xcconfig */;
			buildSettings = {
				ALWAYS_EMBED_SWIFT_STANDARD_LIBRARIES = YES;
				CODE_SIGN_STYLE = Automatic;
				INFOPLIST_FILE = HW9_MovieUITests/Info.plist;
				LD_RUNPATH_SEARCH_PATHS = (
					"$(inherited)",
					"@executable_path/Frameworks",
					"@loader_path/Frameworks",
				);
				PRODUCT_BUNDLE_IDENTIFIER = "pyl.HW9-MovieUITests";
				PRODUCT_NAME = "$(TARGET_NAME)";
				SWIFT_VERSION = 5.0;
				TARGETED_DEVICE_FAMILY = "1,2";
				TEST_TARGET_NAME = HW9_Movie;
			};
			name = Release;
		};
/* End XCBuildConfiguration section */

/* Begin XCConfigurationList section */
		206993B1261F9CC2003E27D2 /* Build configuration list for PBXProject "HW9_Movie" */ = {
			isa = XCConfigurationList;
			buildConfigurations = (
				206993D9261F9CC3003E27D2 /* Debug */,
				206993DA261F9CC3003E27D2 /* Release */,
			);
			defaultConfigurationIsVisible = 0;
			defaultConfigurationName = Release;
		};
		206993DB261F9CC3003E27D2 /* Build configuration list for PBXNativeTarget "HW9_Movie" */ = {
			isa = XCConfigurationList;
			buildConfigurations = (
				206993DC261F9CC3003E27D2 /* Debug */,
				206993DD261F9CC3003E27D2 /* Release */,
			);
			defaultConfigurationIsVisible = 0;
			defaultConfigurationName = Release;
		};
		206993DE261F9CC3003E27D2 /* Build configuration list for PBXNativeTarget "HW9_MovieTests" */ = {
			isa = XCConfigurationList;
			buildConfigurations = (
				206993DF261F9CC3003E27D2 /* Debug */,
				206993E0261F9CC3003E27D2 /* Release */,
			);
			defaultConfigurationIsVisible = 0;
			defaultConfigurationName = Release;
		};
		206993E1261F9CC3003E27D2 /* Build configuration list for PBXNativeTarget "HW9_MovieUITests" */ = {
			isa = XCConfigurationList;
			buildConfigurations = (
				206993E2261F9CC3003E27D2 /* Debug */,
				206993E3261F9CC3003E27D2 /* Release */,
			);
			defaultConfigurationIsVisible = 0;
			defaultConfigurationName = Release;
		};
/* End XCConfigurationList section */
	};
	rootObject = 206993AE261F9CC2003E27D2 /* Project object */;
}
